<?xml version="1.0" encoding="utf-8"?>
<Project ToolsVersion="4.0" xmlns="http://schemas.microsoft.com/developer/msbuild/2003">
  <ItemGroup>
    <Filter Include="src">
      <UniqueIdentifier>{6047e1af-f757-41de-b730-1646e90cec3f}</UniqueIdentifier>
    </Filter>
    <Filter Include="src\RendererCommon">
      <UniqueIdentifier>{69fcce49-86ed-4208-9de5-1b8ac7e6ae94}</UniqueIdentifier>
    </Filter>
    <Filter Include="src\EffekseerGodot3">
      <UniqueIdentifier>{8666e2e7-ac87-4ccf-8e9d-8ccb54aaa86b}</UniqueIdentifier>
    </Filter>
  </ItemGroup>
  <ItemGroup>
    <ClCompile Include="src\GDLibrary.cpp">
      <Filter>src</Filter>
    </ClCompile>
    <ClCompile Include="src\EffekseerEffect.cpp">
      <Filter>src</Filter>
    </ClCompile>
    <ClCompile Include="..\..\..\Effekseer\Dev\Cpp\EffekseerRendererCommon\EffekseerRenderer.IndexBufferBase.cpp">
      <Filter>src\RendererCommon</Filter>
    </ClCompile>
    <ClCompile Include="..\..\..\Effekseer\Dev\Cpp\EffekseerRendererCommon\EffekseerRenderer.Renderer.cpp">
      <Filter>src\RendererCommon</Filter>
    </ClCompile>
    <ClCompile Include="..\..\..\Effekseer\Dev\Cpp\EffekseerRendererCommon\EffekseerRenderer.Renderer_Impl.cpp">
      <Filter>src\RendererCommon</Filter>
    </ClCompile>
    <ClCompile Include="..\..\..\Effekseer\Dev\Cpp\EffekseerRendererCommon\EffekseerRenderer.RenderStateBase.cpp">
      <Filter>src\RendererCommon</Filter>
    </ClCompile>
    <ClCompile Include="..\..\..\Effekseer\Dev\Cpp\EffekseerRendererCommon\EffekseerRenderer.RibbonRendererBase.cpp">
      <Filter>src\RendererCommon</Filter>
    </ClCompile>
    <ClCompile Include="..\..\..\Effekseer\Dev\Cpp\EffekseerRendererCommon\EffekseerRenderer.RingRendererBase.cpp">
      <Filter>src\RendererCommon</Filter>
    </ClCompile>
    <ClCompile Include="..\..\..\Effekseer\Dev\Cpp\EffekseerRendererCommon\EffekseerRenderer.SpriteRendererBase.cpp">
      <Filter>src\RendererCommon</Filter>
    </ClCompile>
    <ClCompile Include="..\..\..\Effekseer\Dev\Cpp\EffekseerRendererCommon\EffekseerRenderer.TrackRendererBase.cpp">
      <Filter>src\RendererCommon</Filter>
    </ClCompile>
    <ClCompile Include="..\..\..\Effekseer\Dev\Cpp\EffekseerRendererCommon\EffekseerRenderer.VertexBufferBase.cpp">
      <Filter>src\RendererCommon</Filter>
    </ClCompile>
    <ClCompile Include="..\..\..\Effekseer\Dev\Cpp\EffekseerRendererCommon\EffekseerRenderer.CommonUtils.cpp">
      <Filter>src\RendererCommon</Filter>
    </ClCompile>
    <ClCompile Include="src\EffekseerGodot3\EffekseerGodot3.IndexBuffer.cpp">
      <Filter>src\EffekseerGodot3</Filter>
    </ClCompile>
    <ClCompile Include="src\EffekseerGodot3\EffekseerGodot3.Renderer.cpp">
      <Filter>src\EffekseerGodot3</Filter>
    </ClCompile>
    <ClCompile Include="src\EffekseerGodot3\EffekseerGodot3.RenderState.cpp">
      <Filter>src\EffekseerGodot3</Filter>
    </ClCompile>
    <ClCompile Include="src\EffekseerGodot3\EffekseerGodot3.Shader.cpp">
      <Filter>src\EffekseerGodot3</Filter>
    </ClCompile>
    <ClCompile Include="src\EffekseerGodot3\EffekseerGodot3.TextureLoader.cpp">
      <Filter>src\EffekseerGodot3</Filter>
    </ClCompile>
    <ClCompile Include="src\EffekseerGodot3\EffekseerGodot3.Utils.cpp">
      <Filter>src\EffekseerGodot3</Filter>
    </ClCompile>
    <ClCompile Include="src\EffekseerGodot3\EffekseerGodot3.VertexBuffer.cpp">
      <Filter>src\EffekseerGodot3</Filter>
    </ClCompile>
    <ClCompile Include="src\EffekseerGodot3\EffekseerGodot3.ModelLoader.cpp">
      <Filter>src\EffekseerGodot3</Filter>
    </ClCompile>
    <ClCompile Include="src\EffekseerGodot3\EffekseerGodot3.Resources.cpp">
      <Filter>src\EffekseerGodot3</Filter>
    </ClCompile>
    <ClCompile Include="src\EffekseerGodot3\EffekseerGodot3.ModelRenderer.cpp">
      <Filter>src\EffekseerGodot3</Filter>
    </ClCompile>
    <ClCompile Include="..\..\..\Effekseer\Dev\Cpp\EffekseerRendererCommon\EffekseerRenderer.ModelRendererBase.cpp">
      <Filter>src\RendererCommon</Filter>
    </ClCompile>
    <ClCompile Include="src\EffekseerEmitter.cpp">
      <Filter>src</Filter>
    </ClCompile>
    <ClCompile Include="src\EffekseerSystem.cpp">
      <Filter>src</Filter>
    </ClCompile>
  </ItemGroup>
  <ItemGroup>
    <ClInclude Include="src\GDLibrary.h">
      <Filter>src</Filter>
    </ClInclude>
    <ClInclude Include="src\EffekseerEffect.h">
      <Filter>src</Filter>
    </ClInclude>
    <ClInclude Include="..\..\..\Effekseer\Dev\Cpp\EffekseerRendererCommon\EffekseerRenderer.CommonUtils.h">
      <Filter>src\RendererCommon</Filter>
    </ClInclude>
    <ClInclude Include="..\..\..\Effekseer\Dev\Cpp\EffekseerRendererCommon\EffekseerRenderer.IndexBufferBase.h">
      <Filter>src\RendererCommon</Filter>
    </ClInclude>
    <ClInclude Include="..\..\..\Effekseer\Dev\Cpp\EffekseerRendererCommon\EffekseerRenderer.Renderer.h">
      <Filter>src\RendererCommon</Filter>
    </ClInclude>
    <ClInclude Include="..\..\..\Effekseer\Dev\Cpp\EffekseerRendererCommon\EffekseerRenderer.Renderer_Impl.h">
      <Filter>src\RendererCommon</Filter>
    </ClInclude>
    <ClInclude Include="..\..\..\Effekseer\Dev\Cpp\EffekseerRendererCommon\EffekseerRenderer.RenderStateBase.h">
      <Filter>src\RendererCommon</Filter>
    </ClInclude>
    <ClInclude Include="..\..\..\Effekseer\Dev\Cpp\EffekseerRendererCommon\EffekseerRenderer.RibbonRendererBase.h">
      <Filter>src\RendererCommon</Filter>
    </ClInclude>
    <ClInclude Include="..\..\..\Effekseer\Dev\Cpp\EffekseerRendererCommon\EffekseerRenderer.RingRendererBase.h">
      <Filter>src\RendererCommon</Filter>
    </ClInclude>
    <ClInclude Include="..\..\..\Effekseer\Dev\Cpp\EffekseerRendererCommon\EffekseerRenderer.ShaderBase.h">
      <Filter>src\RendererCommon</Filter>
    </ClInclude>
    <ClInclude Include="..\..\..\Effekseer\Dev\Cpp\EffekseerRendererCommon\EffekseerRenderer.SpriteRendererBase.h">
      <Filter>src\RendererCommon</Filter>
    </ClInclude>
    <ClInclude Include="..\..\..\Effekseer\Dev\Cpp\EffekseerRendererCommon\EffekseerRenderer.StandardRenderer.h">
      <Filter>src\RendererCommon</Filter>
    </ClInclude>
    <ClInclude Include="..\..\..\Effekseer\Dev\Cpp\EffekseerRendererCommon\EffekseerRenderer.TrackRendererBase.h">
      <Filter>src\RendererCommon</Filter>
    </ClInclude>
    <ClInclude Include="..\..\..\Effekseer\Dev\Cpp\EffekseerRendererCommon\EffekseerRenderer.VertexBufferBase.h">
      <Filter>src\RendererCommon</Filter>
    </ClInclude>
    <ClInclude Include="src\EffekseerGodot3\EffekseerGodot3.Base.Pre.h">
      <Filter>src\EffekseerGodot3</Filter>
    </ClInclude>
    <ClInclude Include="src\EffekseerGodot3\EffekseerGodot3.IndexBuffer.h">
      <Filter>src\EffekseerGodot3</Filter>
    </ClInclude>
    <ClInclude Include="src\EffekseerGodot3\EffekseerGodot3.Renderer.h">
      <Filter>src\EffekseerGodot3</Filter>
    </ClInclude>
    <ClInclude Include="src\EffekseerGodot3\EffekseerGodot3.RendererImplemented.h">
      <Filter>src\EffekseerGodot3</Filter>
    </ClInclude>
    <ClInclude Include="src\EffekseerGodot3\EffekseerGodot3.RenderState.h">
      <Filter>src\EffekseerGodot3</Filter>
    </ClInclude>
    <ClInclude Include="src\EffekseerGodot3\EffekseerGodot3.Shader.h">
      <Filter>src\EffekseerGodot3</Filter>
    </ClInclude>
    <ClInclude Include="src\EffekseerGodot3\EffekseerGodot3.TextureLoader.h">
      <Filter>src\EffekseerGodot3</Filter>
    </ClInclude>
    <ClInclude Include="src\EffekseerGodot3\EffekseerGodot3.Utils.h">
      <Filter>src\EffekseerGodot3</Filter>
    </ClInclude>
    <ClInclude Include="src\EffekseerGodot3\EffekseerGodot3.VertexBuffer.h">
      <Filter>src\EffekseerGodot3</Filter>
    </ClInclude>
    <ClInclude Include="src\EffekseerGodot3\EffekseerGodot3.Base.h">
      <Filter>src\EffekseerGodot3</Filter>
    </ClInclude>
    <ClInclude Include="src\EffekseerGodot3\EffekseerGodot3.ModelLoader.h">
      <Filter>src\EffekseerGodot3</Filter>
    </ClInclude>
    <ClInclude Include="src\EffekseerGodot3\EffekseerGodot3.Resources.h">
      <Filter>src\EffekseerGodot3</Filter>
    </ClInclude>
    <ClInclude Include="src\EffekseerGodot3\EffekseerGodot3.ModelRenderer.h">
      <Filter>src\EffekseerGodot3</Filter>
    </ClInclude>
    <ClInclude Include="..\..\..\Effekseer\Dev\Cpp\EffekseerRendererCommon\EffekseerRenderer.ModelRendererBase.h">
      <Filter>src\RendererCommon</Filter>
    </ClInclude>
    <ClInclude Include="src\EffekseerEmitter.h">
      <Filter>src</Filter>
    </ClInclude>
    <ClInclude Include="src\EffekseerSystem.h">
      <Filter>src</Filter>
    </ClInclude>
  </ItemGroup>
</Project>