
Microsoft Visual Studio Solution File, Format Version 12.00
# Visual Studio Version 17
VisualStudioVersion = 17.0.31903.59
MinimumVisualStudioVersion = 10.0.40219.1
Project("{8BC9CEB8-8B4A-11D0-8D11-00A0C91BC942}") = "EffekseerGodot3", "EffekseerGodot3.vcxproj", "{4EAFD5E8-4DE5-46C1-8659-E5C6403920FE}"
EndProject
Project("{8BC9CEB8-8B4A-11D0-8D11-00A0C91BC942}") = "Effekseer", "..\Effekseer\build\Dev\Cpp\Effekseer\Effekseer.vcxproj", "{1596CF5C-CF06-3048-AB9D-213D913DD71A}"
EndProject
Global
	GlobalSection(SolutionConfigurationPlatforms) = preSolution
		Debug|x64 = Debug|x64
		Debug|x86 = Debug|x86
		MinSizeRel|x64 = MinSizeRel|x64
		MinSizeRel|x86 = MinSizeRel|x86
		Release|x64 = Release|x64
		Release|x86 = Release|x86
		RelWithDebInfo|x64 = RelWithDebInfo|x64
		RelWithDebInfo|x86 = RelWithDebInfo|x86
	EndGlobalSection
	GlobalSection(ProjectConfigurationPlatforms) = postSolution
		{4EAFD5E8-4DE5-46C1-8659-E5C6403920FE}.Debug|x64.ActiveCfg = Debug|x64
		{4EAFD5E8-4DE5-46C1-8659-E5C6403920FE}.Debug|x64.Build.0 = Debug|x64
		{4EAFD5E8-4DE5-46C1-8659-E5C6403920FE}.Debug|x86.ActiveCfg = Debug|Win32
		{4EAFD5E8-4DE5-46C1-8659-E5C6403920FE}.Debug|x86.Build.0 = Debug|Win32
		{4EAFD5E8-4DE5-46C1-8659-E5C6403920FE}.MinSizeRel|x64.ActiveCfg = Release|x64
		{4EAFD5E8-4DE5-46C1-8659-E5C6403920FE}.MinSizeRel|x64.Build.0 = Release|x64
		{4EAFD5E8-4DE5-46C1-8659-E5C6403920FE}.MinSizeRel|x86.ActiveCfg = Release|Win32
		{4EAFD5E8-4DE5-46C1-8659-E5C6403920FE}.MinSizeRel|x86.Build.0 = Release|Win32
		{4EAFD5E8-4DE5-46C1-8659-E5C6403920FE}.Release|x64.ActiveCfg = Release|x64
		{4EAFD5E8-4DE5-46C1-8659-E5C6403920FE}.Release|x64.Build.0 = Release|x64
		{4EAFD5E8-4DE5-46C1-8659-E5C6403920FE}.Release|x86.ActiveCfg = Release|Win32
		{4EAFD5E8-4DE5-46C1-8659-E5C6403920FE}.Release|x86.Build.0 = Release|Win32
		{4EAFD5E8-4DE5-46C1-8659-E5C6403920FE}.RelWithDebInfo|x64.ActiveCfg = Release|x64
		{4EAFD5E8-4DE5-46C1-8659-E5C6403920FE}.RelWithDebInfo|x64.Build.0 = Release|x64
		{4EAFD5E8-4DE5-46C1-8659-E5C6403920FE}.RelWithDebInfo|x86.ActiveCfg = Release|Win32
		{4EAFD5E8-4DE5-46C1-8659-E5C6403920FE}.RelWithDebInfo|x86.Build.0 = Release|Win32
		{1596CF5C-CF06-3048-AB9D-213D913DD71A}.Debug|x64.ActiveCfg = Debug|x64
		{1596CF5C-CF06-3048-AB9D-213D913DD71A}.Debug|x64.Build.0 = Debug|x64
		{1596CF5C-CF06-3048-AB9D-213D913DD71A}.Debug|x86.ActiveCfg = Debug|x64
		{1596CF5C-CF06-3048-AB9D-213D913DD71A}.MinSizeRel|x64.ActiveCfg = MinSizeRel|x64
		{1596CF5C-CF06-3048-AB9D-213D913DD71A}.MinSizeRel|x64.Build.0 = MinSizeRel|x64
		{1596CF5C-CF06-3048-AB9D-213D913DD71A}.MinSizeRel|x86.ActiveCfg = MinSizeRel|x64
		{1596CF5C-CF06-3048-AB9D-213D913DD71A}.Release|x64.ActiveCfg = Release|x64
		{1596CF5C-CF06-3048-AB9D-213D913DD71A}.Release|x64.Build.0 = Release|x64
		{1596CF5C-CF06-3048-AB9D-213D913DD71A}.Release|x86.ActiveCfg = Release|x64
		{1596CF5C-CF06-3048-AB9D-213D913DD71A}.RelWithDebInfo|x64.ActiveCfg = RelWithDebInfo|x64
		{1596CF5C-CF06-3048-AB9D-213D913DD71A}.RelWithDebInfo|x64.Build.0 = RelWithDebInfo|x64
		{1596CF5C-CF06-3048-AB9D-213D913DD71A}.RelWithDebInfo|x86.ActiveCfg = RelWithDebInfo|x64
	EndGlobalSection
	GlobalSection(SolutionProperties) = preSolution
		HideSolutionNode = FALSE
	EndGlobalSection
	GlobalSection(ExtensibilityGlobals) = postSolution
		SolutionGuid = {E19B9F1C-E634-4F6D-AC8F-2E4F61DF97F1}
	EndGlobalSection
EndGlobal
